{
  "name": "game-tester",
  "lockfileVersion": 3,
  "requires": true,
  "packages": {
    "": {
      "dependencies": {
        "jjsontree.js": "^4.7.1"
      }
    },
    "node_modules/jjsontree.js": {
      "version": "4.7.1",
      "resolved": "https://registry.npmjs.org/jjsontree.js/-/jjsontree.js-4.7.1.tgz",
      "integrity": "sha512-z4qiV4iET5hv16wTM1roZ12C/Ls/k2Eh376rnMjmsms4hKSJM5bsZv5xAe0vvhOGUp3chzKaRengdt63J21IZQ=="
    }
  }
}
